
Microsoft Visual Studio Solution File, Format Version 12.00
# Visual Studio Version 16
VisualStudioVersion = 16.0.29519.181
MinimumVisualStudioVersion = 10.0.40219.1
Project("{FAE04EC0-301F-11D3-BF4B-00C04F79EFBC}") = "gdirender", "gdirender\gdirender.csproj", "{B42DB608-18F7-4875-9E18-3C60E5BFA49C}"
EndProject
Global
	GlobalSection(SolutionConfigurationPlatforms) = preSolution
		Debug|Any CPU = Debug|Any CPU
		Release|Any CPU = Release|Any CPU
	EndGlobalSection
	GlobalSection(ProjectConfigurationPlatforms) = postSolution
		{B42DB608-18F7-4875-9E18-3C60E5BFA49C}.Debug|Any CPU.ActiveCfg = Debug|Any CPU
		{B42DB608-18F7-4875-9E18-3C60E5BFA49C}.Debug|Any CPU.Build.0 = Debug|Any CPU
		{B42DB608-18F7-4875-9E18-3C60E5BFA49C}.Release|Any CPU.ActiveCfg = Release|Any CPU
		{B42DB608-18F7-4875-9E18-3C60E5BFA49C}.Release|Any CPU.Build.0 = Release|Any CPU
	EndGlobalSection
	GlobalSection(SolutionProperties) = preSolution
		HideSolutionNode = FALSE
	EndGlobalSection
	GlobalSection(ExtensibilityGlobals) = postSolution
		SolutionGuid = {A4CBA8A2-290E-48B6-9AD3-67EF835D174C}
	EndGlobalSection
EndGlobal
